// !$*UTF8*$!
{
	archiveVersion = 1;
	classes = {
	};
	objectVersion = 46;
	objects = {

/* Begin PBXBuildFile section */
		AC85AC24185970F4007D4532 /* UIKit.framework in Frameworks */ = {isa = PBXBuildFile; fileRef = AC85AC23185970F4007D4532 /* UIKit.framework */; };
		AC85AC26185970F4007D4532 /* Foundation.framework in Frameworks */ = {isa = PBXBuildFile; fileRef = AC85AC25185970F4007D4532 /* Foundation.framework */; };
		AC85AC28185970F4007D4532 /* CoreGraphics.framework in Frameworks */ = {isa = PBXBuildFile; fileRef = AC85AC27185970F4007D4532 /* CoreGraphics.framework */; };
		AC85AC2E185970F5007D4532 /* InfoPlist.strings in Resources */ = {isa = PBXBuildFile; fileRef = AC85AC2C185970F5007D4532 /* InfoPlist.strings */; };
		AC85AC30185970F5007D4532 /* main.m in Sources */ = {isa = PBXBuildFile; fileRef = AC85AC2F185970F5007D4532 /* main.m */; };
		AC85AC34185970F5007D4532 /* AppDelegate.m in Sources */ = {isa = PBXBuildFile; fileRef = AC85AC33185970F5007D4532 /* AppDelegate.m */; };
		AC85AC36185970F5007D4532 /* Default.png in Resources */ = {isa = PBXBuildFile; fileRef = AC85AC35185970F5007D4532 /* Default.png */; };
		AC85AC38185970F5007D4532 /* Default@2x.png in Resources */ = {isa = PBXBuildFile; fileRef = AC85AC37185970F5007D4532 /* Default@2x.png */; };
		AC85AC3A185970F5007D4532 /* Default-568h@2x.png in Resources */ = {isa = PBXBuildFile; fileRef = AC85AC39185970F5007D4532 /* Default-568h@2x.png */; };
		AC85AC3D185970F5007D4532 /* MainStoryboard.storyboard in Resources */ = {isa = PBXBuildFile; fileRef = AC85AC3B185970F5007D4532 /* MainStoryboard.storyboard */; };
		AC85AC40185970F5007D4532 /* ViewController.m in Sources */ = {isa = PBXBuildFile; fileRef = AC85AC3F185970F5007D4532 /* ViewController.m */; };
		AC85AC48185970F5007D4532 /* SenTestingKit.framework in Frameworks */ = {isa = PBXBuildFile; fileRef = AC85AC47185970F5007D4532 /* SenTestingKit.framework */; };
		AC85AC49185970F5007D4532 /* UIKit.framework in Frameworks */ = {isa = PBXBuildFile; fileRef = AC85AC23185970F4007D4532 /* UIKit.framework */; };
		AC85AC4A185970F5007D4532 /* Foundation.framework in Frameworks */ = {isa = PBXBuildFile; fileRef = AC85AC25185970F4007D4532 /* Foundation.framework */; };
		AC85AC52185970F5007D4532 /* InfoPlist.strings in Resources */ = {isa = PBXBuildFile; fileRef = AC85AC50185970F5007D4532 /* InfoPlist.strings */; };
		AC85AC55185970F5007D4532 /* instrumentsTests.m in Sources */ = {isa = PBXBuildFile; fileRef = AC85AC54185970F5007D4532 /* instrumentsTests.m */; };
		AC85AC6818597F0E007D4532 /* do.wav in Resources */ = {isa = PBXBuildFile; fileRef = AC85AC6118597F0E007D4532 /* do.wav */; };
		AC85AC6918597F0E007D4532 /* fa.wav in Resources */ = {isa = PBXBuildFile; fileRef = AC85AC6218597F0E007D4532 /* fa.wav */; };
		AC85AC6A18597F0E007D4532 /* mi.wav in Resources */ = {isa = PBXBuildFile; fileRef = AC85AC6318597F0E007D4532 /* mi.wav */; };
		AC85AC6B18597F0E007D4532 /* ra.wav in Resources */ = {isa = PBXBuildFile; fileRef = AC85AC6418597F0E007D4532 /* ra.wav */; };
		AC85AC6C18597F0E007D4532 /* re.wav in Resources */ = {isa = PBXBuildFile; fileRef = AC85AC6518597F0E007D4532 /* re.wav */; };
		AC85AC6D18597F0E007D4532 /* si.wav in Resources */ = {isa = PBXBuildFile; fileRef = AC85AC6618597F0E007D4532 /* si.wav */; };
		AC85AC6E18597F0E007D4532 /* so.wav in Resources */ = {isa = PBXBuildFile; fileRef = AC85AC6718597F0E007D4532 /* so.wav */; };
		AC85AC711859812E007D4532 /* AVFoundation.framework in Frameworks */ = {isa = PBXBuildFile; fileRef = AC85AC6F18598117007D4532 /* AVFoundation.framework */; };
		AC85AC7318598AF2007D4532 /* do2.wav in Resources */ = {isa = PBXBuildFile; fileRef = AC85AC7218598AF2007D4532 /* do2.wav */; };
		ACEF3DC81890D499001B1C8C /* illust1500.png in Resources */ = {isa = PBXBuildFile; fileRef = ACEF3DC71890D499001B1C8C /* illust1500.png */; };
/* End PBXBuildFile section */

/* Begin PBXContainerItemProxy section */
		AC85AC4B185970F5007D4532 /* PBXContainerItemProxy */ = {
			isa = PBXContainerItemProxy;
			containerPortal = AC85AC18185970F4007D4532 /* Project object */;
			proxyType = 1;
			remoteGlobalIDString = AC85AC1F185970F4007D4532;
			remoteInfo = instruments;
		};
/* End PBXContainerItemProxy section */

/* Begin PBXFileReference section */
		AC85AC20185970F4007D4532 /* instruments.app */ = {isa = PBXFileReference; explicitFileType = wrapper.application; includeInIndex = 0; path = instruments.app; sourceTree = BUILT_PRODUCTS_DIR; };
		AC85AC23185970F4007D4532 /* UIKit.framework */ = {isa = PBXFileReference; lastKnownFileType = wrapper.framework; name = UIKit.framework; path = System/Library/Frameworks/UIKit.framework; sourceTree = SDKROOT; };
		AC85AC25185970F4007D4532 /* Foundation.framework */ = {isa = PBXFileReference; lastKnownFileType = wrapper.framework; name = Foundation.framework; path = System/Library/Frameworks/Foundation.framework; sourceTree = SDKROOT; };
		AC85AC27185970F4007D4532 /* CoreGraphics.framework */ = {isa = PBXFileReference; lastKnownFileType = wrapper.framework; name = CoreGraphics.framework; path = System/Library/Frameworks/CoreGraphics.framework; sourceTree = SDKROOT; };
		AC85AC2B185970F5007D4532 /* instruments-Info.plist */ = {isa = PBXFileReference; lastKnownFileType = text.plist.xml; path = "instruments-Info.plist"; sourceTree = "<group>"; };
		AC85AC2D185970F5007D4532 /* en */ = {isa = PBXFileReference; lastKnownFileType = text.plist.strings; name = en; path = en.lproj/InfoPlist.strings; sourceTree = "<group>"; };
		AC85AC2F185970F5007D4532 /* main.m */ = {isa = PBXFileReference; lastKnownFileType = sourcecode.c.objc; path = main.m; sourceTree = "<group>"; };
		AC85AC31185970F5007D4532 /* instruments-Prefix.pch */ = {isa = PBXFileReference; lastKnownFileType = sourcecode.c.h; path = "instruments-Prefix.pch"; sourceTree = "<group>"; };
		AC85AC32185970F5007D4532 /* AppDelegate.h */ = {isa = PBXFileReference; lastKnownFileType = sourcecode.c.h; path = AppDelegate.h; sourceTree = "<group>"; };
		AC85AC33185970F5007D4532 /* AppDelegate.m */ = {isa = PBXFileReference; lastKnownFileType = sourcecode.c.objc; path = AppDelegate.m; sourceTree = "<group>"; };
		AC85AC35185970F5007D4532 /* Default.png */ = {isa = PBXFileReference; lastKnownFileType = image.png; path = Default.png; sourceTree = "<group>"; };
		AC85AC37185970F5007D4532 /* Default@2x.png */ = {isa = PBXFileReference; lastKnownFileType = image.png; path = "Default@2x.png"; sourceTree = "<group>"; };
		AC85AC39185970F5007D4532 /* Default-568h@2x.png */ = {isa = PBXFileReference; lastKnownFileType = image.png; path = "Default-568h@2x.png"; sourceTree = "<group>"; };
		AC85AC3C185970F5007D4532 /* en */ = {isa = PBXFileReference; lastKnownFileType = file.storyboard; name = en; path = en.lproj/MainStoryboard.storyboard; sourceTree = "<group>"; };
		AC85AC3E185970F5007D4532 /* ViewController.h */ = {isa = PBXFileReference; lastKnownFileType = sourcecode.c.h; path = ViewController.h; sourceTree = "<group>"; };
		AC85AC3F185970F5007D4532 /* ViewController.m */ = {isa = PBXFileReference; lastKnownFileType = sourcecode.c.objc; path = ViewController.m; sourceTree = "<group>"; };
		AC85AC46185970F5007D4532 /* instrumentsTests.octest */ = {isa = PBXFileReference; explicitFileType = wrapper.cfbundle; includeInIndex = 0; path = instrumentsTests.octest; sourceTree = BUILT_PRODUCTS_DIR; };
		AC85AC47185970F5007D4532 /* SenTestingKit.framework */ = {isa = PBXFileReference; lastKnownFileType = wrapper.framework; name = SenTestingKit.framework; path = Library/Frameworks/SenTestingKit.framework; sourceTree = DEVELOPER_DIR; };
		AC85AC4F185970F5007D4532 /* instrumentsTests-Info.plist */ = {isa = PBXFileReference; lastKnownFileType = text.plist.xml; path = "instrumentsTests-Info.plist"; sourceTree = "<group>"; };
		AC85AC51185970F5007D4532 /* en */ = {isa = PBXFileReference; lastKnownFileType = text.plist.strings; name = en; path = en.lproj/InfoPlist.strings; sourceTree = "<group>"; };
		AC85AC53185970F5007D4532 /* instrumentsTests.h */ = {isa = PBXFileReference; lastKnownFileType = sourcecode.c.h; path = instrumentsTests.h; sourceTree = "<group>"; };
		AC85AC54185970F5007D4532 /* instrumentsTests.m */ = {isa = PBXFileReference; lastKnownFileType = sourcecode.c.objc; path = instrumentsTests.m; sourceTree = "<group>"; };
		AC85AC6118597F0E007D4532 /* do.wav */ = {isa = PBXFileReference; lastKnownFileType = audio.wav; name = do.wav; path = "../../音源/do.wav"; sourceTree = "<group>"; };
		AC85AC6218597F0E007D4532 /* fa.wav */ = {isa = PBXFileReference; lastKnownFileType = audio.wav; name = fa.wav; path = "../../音源/fa.wav"; sourceTree = "<group>"; };
		AC85AC6318597F0E007D4532 /* mi.wav */ = {isa = PBXFileReference; lastKnownFileType = audio.wav; name = mi.wav; path = "../../音源/mi.wav"; sourceTree = "<group>"; };
		AC85AC6418597F0E007D4532 /* ra.wav */ = {isa = PBXFileReference; lastKnownFileType = audio.wav; name = ra.wav; path = "../../音源/ra.wav"; sourceTree = "<group>"; };
		AC85AC6518597F0E007D4532 /* re.wav */ = {isa = PBXFileReference; lastKnownFileType = audio.wav; name = re.wav; path = "../../音源/re.wav"; sourceTree = "<group>"; };
		AC85AC6618597F0E007D4532 /* si.wav */ = {isa = PBXFileReference; lastKnownFileType = audio.wav; name = si.wav; path = "../../音源/si.wav"; sourceTree = "<group>"; };
		AC85AC6718597F0E007D4532 /* so.wav */ = {isa = PBXFileReference; lastKnownFileType = audio.wav; name = so.wav; path = "../../音源/so.wav"; sourceTree = "<group>"; };
		AC85AC6F18598117007D4532 /* AVFoundation.framework */ = {isa = PBXFileReference; lastKnownFileType = wrapper.framework; name = AVFoundation.framework; path = System/Library/Frameworks/AVFoundation.framework; sourceTree = SDKROOT; };
		AC85AC7218598AF2007D4532 /* do2.wav */ = {isa = PBXFileReference; lastKnownFileType = audio.wav; name = do2.wav; path = "../../音源/do2.wav"; sourceTree = "<group>"; };
		ACEF3DC71890D499001B1C8C /* illust1500.png */ = {isa = PBXFileReference; lastKnownFileType = image.png; name = illust1500.png; path = ../../illust1500.png; sourceTree = "<group>"; };
/* End PBXFileReference section */

/* Begin PBXFrameworksBuildPhase section */
		AC85AC1D185970F4007D4532 /* Frameworks */ = {
			isa = PBXFrameworksBuildPhase;
			buildActionMask = 2147483647;
			files = (
				AC85AC711859812E007D4532 /* AVFoundation.framework in Frameworks */,
				AC85AC24185970F4007D4532 /* UIKit.framework in Frameworks */,
				AC85AC26185970F4007D4532 /* Foundation.framework in Frameworks */,
				AC85AC28185970F4007D4532 /* CoreGraphics.framework in Frameworks */,
			);
			runOnlyForDeploymentPostprocessing = 0;
		};
		AC85AC42185970F5007D4532 /* Frameworks */ = {
			isa = PBXFrameworksBuildPhase;
			buildActionMask = 2147483647;
			files = (
				AC85AC48185970F5007D4532 /* SenTestingKit.framework in Frameworks */,
				AC85AC49185970F5007D4532 /* UIKit.framework in Frameworks */,
				AC85AC4A185970F5007D4532 /* Foundation.framework in Frameworks */,
			);
			runOnlyForDeploymentPostprocessing = 0;
		};
/* End PBXFrameworksBuildPhase section */

/* Begin PBXGroup section */
		AC85AC17185970F4007D4532 = {
			isa = PBXGroup;
			children = (
				AC85AC29185970F4007D4532 /* instruments */,
				AC85AC4D185970F5007D4532 /* instrumentsTests */,
				AC85AC22185970F4007D4532 /* Frameworks */,
				AC85AC21185970F4007D4532 /* Products */,
			);
			sourceTree = "<group>";
		};
		AC85AC21185970F4007D4532 /* Products */ = {
			isa = PBXGroup;
			children = (
				AC85AC20185970F4007D4532 /* instruments.app */,
				AC85AC46185970F5007D4532 /* instrumentsTests.octest */,
			);
			name = Products;
			sourceTree = "<group>";
		};
		AC85AC22185970F4007D4532 /* Frameworks */ = {
			isa = PBXGroup;
			children = (
				AC85AC6F18598117007D4532 /* AVFoundation.framework */,
				AC85AC23185970F4007D4532 /* UIKit.framework */,
				AC85AC25185970F4007D4532 /* Foundation.framework */,
				AC85AC27185970F4007D4532 /* CoreGraphics.framework */,
				AC85AC47185970F5007D4532 /* SenTestingKit.framework */,
			);
			name = Frameworks;
			sourceTree = "<group>";
		};
		AC85AC29185970F4007D4532 /* instruments */ = {
			isa = PBXGroup;
			children = (
				AC85AC32185970F5007D4532 /* AppDelegate.h */,
				AC85AC33185970F5007D4532 /* AppDelegate.m */,
				AC85AC3B185970F5007D4532 /* MainStoryboard.storyboard */,
				AC85AC3E185970F5007D4532 /* ViewController.h */,
				AC85AC3F185970F5007D4532 /* ViewController.m */,
				AC85AC2A185970F5007D4532 /* Supporting Files */,
			);
			path = instruments;
			sourceTree = "<group>";
		};
		AC85AC2A185970F5007D4532 /* Supporting Files */ = {
			isa = PBXGroup;
			children = (
				AC85AC6118597F0E007D4532 /* do.wav */,
				AC85AC7218598AF2007D4532 /* do2.wav */,
				AC85AC6218597F0E007D4532 /* fa.wav */,
				AC85AC6318597F0E007D4532 /* mi.wav */,
				AC85AC6418597F0E007D4532 /* ra.wav */,
				AC85AC6518597F0E007D4532 /* re.wav */,
				AC85AC6618597F0E007D4532 /* si.wav */,
				AC85AC6718597F0E007D4532 /* so.wav */,
				AC85AC2B185970F5007D4532 /* instruments-Info.plist */,
				AC85AC2C185970F5007D4532 /* InfoPlist.strings */,
				AC85AC2F185970F5007D4532 /* main.m */,
				AC85AC31185970F5007D4532 /* instruments-Prefix.pch */,
				AC85AC35185970F5007D4532 /* Default.png */,
				AC85AC37185970F5007D4532 /* Default@2x.png */,
				AC85AC39185970F5007D4532 /* Default-568h@2x.png */,
				ACEF3DC71890D499001B1C8C /* illust1500.png */,
			);
			name = "Supporting Files";
			sourceTree = "<group>";
		};
		AC85AC4D185970F5007D4532 /* instrumentsTests */ = {
			isa = PBXGroup;
			children = (
				AC85AC53185970F5007D4532 /* instrumentsTests.h */,
				AC85AC54185970F5007D4532 /* instrumentsTests.m */,
				AC85AC4E185970F5007D4532 /* Supporting Files */,
			);
			path = instrumentsTests;
			sourceTree = "<group>";
		};
		AC85AC4E185970F5007D4532 /* Supporting Files */ = {
			isa = PBXGroup;
			children = (
				AC85AC4F185970F5007D4532 /* instrumentsTests-Info.plist */,
				AC85AC50185970F5007D4532 /* InfoPlist.strings */,
			);
			name = "Supporting Files";
			sourceTree = "<group>";
		};
/* End PBXGroup section */

/* Begin PBXNativeTarget section */
		AC85AC1F185970F4007D4532 /* instruments */ = {
			isa = PBXNativeTarget;
			buildConfigurationList = AC85AC58185970F5007D4532 /* Build configuration list for PBXNativeTarget "instruments" */;
			buildPhases = (
				AC85AC1C185970F4007D4532 /* Sources */,
				AC85AC1D185970F4007D4532 /* Frameworks */,
				AC85AC1E185970F4007D4532 /* Resources */,
			);
			buildRules = (
			);
			dependencies = (
			);
			name = instruments;
			productName = instruments;
			productReference = AC85AC20185970F4007D4532 /* instruments.app */;
			productType = "com.apple.product-type.application";
		};
		AC85AC45185970F5007D4532 /* instrumentsTests */ = {
			isa = PBXNativeTarget;
			buildConfigurationList = AC85AC5B185970F5007D4532 /* Build configuration list for PBXNativeTarget "instrumentsTests" */;
			buildPhases = (
				AC85AC41185970F5007D4532 /* Sources */,
				AC85AC42185970F5007D4532 /* Frameworks */,
				AC85AC43185970F5007D4532 /* Resources */,
				AC85AC44185970F5007D4532 /* ShellScript */,
			);
			buildRules = (
			);
			dependencies = (
				AC85AC4C185970F5007D4532 /* PBXTargetDependency */,
			);
			name = instrumentsTests;
			productName = instrumentsTests;
			productReference = AC85AC46185970F5007D4532 /* instrumentsTests.octest */;
			productType = "com.apple.product-type.bundle";
		};
/* End PBXNativeTarget section */

/* Begin PBXProject section */
		AC85AC18185970F4007D4532 /* Project object */ = {
			isa = PBXProject;
			attributes = {
				LastUpgradeCheck = 0460;
				ORGANIZATIONNAME = "university of kitakyu";
			};
			buildConfigurationList = AC85AC1B185970F4007D4532 /* Build configuration list for PBXProject "instruments" */;
			compatibilityVersion = "Xcode 3.2";
			developmentRegion = English;
			hasScannedForEncodings = 0;
			knownRegions = (
				en,
			);
			mainGroup = AC85AC17185970F4007D4532;
			productRefGroup = AC85AC21185970F4007D4532 /* Products */;
			projectDirPath = "";
			projectRoot = "";
			targets = (
				AC85AC1F185970F4007D4532 /* instruments */,
				AC85AC45185970F5007D4532 /* instrumentsTests */,
			);
		};
/* End PBXProject section */

/* Begin PBXResourcesBuildPhase section */
		AC85AC1E185970F4007D4532 /* Resources */ = {
			isa = PBXResourcesBuildPhase;
			buildActionMask = 2147483647;
			files = (
				AC85AC2E185970F5007D4532 /* InfoPlist.strings in Resources */,
				AC85AC36185970F5007D4532 /* Default.png in Resources */,
				AC85AC38185970F5007D4532 /* Default@2x.png in Resources */,
				AC85AC3A185970F5007D4532 /* Default-568h@2x.png in Resources */,
				AC85AC3D185970F5007D4532 /* MainStoryboard.storyboard in Resources */,
				AC85AC6818597F0E007D4532 /* do.wav in Resources */,
				AC85AC6918597F0E007D4532 /* fa.wav in Resources */,
				AC85AC6A18597F0E007D4532 /* mi.wav in Resources */,
				AC85AC6B18597F0E007D4532 /* ra.wav in Resources */,
				AC85AC6C18597F0E007D4532 /* re.wav in Resources */,
				AC85AC6D18597F0E007D4532 /* si.wav in Resources */,
				AC85AC6E18597F0E007D4532 /* so.wav in Resources */,
				AC85AC7318598AF2007D4532 /* do2.wav in Resources */,
				ACEF3DC81890D499001B1C8C /* illust1500.png in Resources */,
			);
			runOnlyForDeploymentPostprocessing = 0;
		};
		AC85AC43185970F5007D4532 /* Resources */ = {
			isa = PBXResourcesBuildPhase;
			buildActionMask = 2147483647;
			files = (
				AC85AC52185970F5007D4532 /* InfoPlist.strings in Resources */,
			);
			runOnlyForDeploymentPostprocessing = 0;
		};
/* End PBXResourcesBuildPhase section */

/* Begin PBXShellScriptBuildPhase section */
		AC85AC44185970F5007D4532 /* ShellScript */ = {
			isa = PBXShellScriptBuildPhase;
			buildActionMask = 2147483647;
			files = (
			);
			inputPaths = (
			);
			outputPaths = (
			);
			runOnlyForDeploymentPostprocessing = 0;
			shellPath = /bin/sh;
			shellScript = "# Run the unit tests in this test bundle.\n\"${SYSTEM_DEVELOPER_DIR}/Tools/RunUnitTests\"\n";
		};
/* End PBXShellScriptBuildPhase section */

/* Begin PBXSourcesBuildPhase section */
		AC85AC1C185970F4007D4532 /* Sources */ = {
			isa = PBXSourcesBuildPhase;
			buildActionMask = 2147483647;
			files = (
				AC85AC30185970F5007D4532 /* main.m in Sources */,
				AC85AC34185970F5007D4532 /* AppDelegate.m in Sources */,
				AC85AC40185970F5007D4532 /* ViewController.m in Sources */,
			);
			runOnlyForDeploymentPostprocessing = 0;
		};
		AC85AC41185970F5007D4532 /* Sources */ = {
			isa = PBXSourcesBuildPhase;
			buildActionMask = 2147483647;
			files = (
				AC85AC55185970F5007D4532 /* instrumentsTests.m in Sources */,
			);
			runOnlyForDeploymentPostprocessing = 0;
		};
/* End PBXSourcesBuildPhase section */

/* Begin PBXTargetDependency section */
		AC85AC4C185970F5007D4532 /* PBXTargetDependency */ = {
			isa = PBXTargetDependency;
			target = AC85AC1F185970F4007D4532 /* instruments */;
			targetProxy = AC85AC4B185970F5007D4532 /* PBXContainerItemProxy */;
		};
/* End PBXTargetDependency section */

/* Begin PBXVariantGroup section */
		AC85AC2C185970F5007D4532 /* InfoPlist.strings */ = {
			isa = PBXVariantGroup;
			children = (
				AC85AC2D185970F5007D4532 /* en */,
			);
			name = InfoPlist.strings;
			sourceTree = "<group>";
		};
		AC85AC3B185970F5007D4532 /* MainStoryboard.storyboard */ = {
			isa = PBXVariantGroup;
			children = (
				AC85AC3C185970F5007D4532 /* en */,
			);
			name = MainStoryboard.storyboard;
			sourceTree = "<group>";
		};
		AC85AC50185970F5007D4532 /* InfoPlist.strings */ = {
			isa = PBXVariantGroup;
			children = (
				AC85AC51185970F5007D4532 /* en */,
			);
			name = InfoPlist.strings;
			sourceTree = "<group>";
		};
/* End PBXVariantGroup section */

/* Begin XCBuildConfiguration section */
		AC85AC56185970F5007D4532 /* Debug */ = {
			isa = XCBuildConfiguration;
			buildSettings = {
				ALWAYS_SEARCH_USER_PATHS = NO;
				CLANG_CXX_LANGUAGE_STANDARD = "gnu++0x";
				CLANG_CXX_LIBRARY = "libc++";
				CLANG_ENABLE_OBJC_ARC = YES;
				CLANG_WARN_CONSTANT_CONVERSION = YES;
				CLANG_WARN_EMPTY_BODY = YES;
				CLANG_WARN_ENUM_CONVERSION = YES;
				CLANG_WARN_INT_CONVERSION = YES;
				CLANG_WARN__DUPLICATE_METHOD_MATCH = YES;
				"CODE_SIGN_IDENTITY[sdk=iphoneos*]" = "iPhone Developer";
				COPY_PHASE_STRIP = NO;
				GCC_C_LANGUAGE_STANDARD = gnu99;
				GCC_DYNAMIC_NO_PIC = NO;
				GCC_OPTIMIZATION_LEVEL = 0;
				GCC_PREPROCESSOR_DEFINITIONS = (
					"DEBUG=1",
					"$(inherited)",
				);
				GCC_SYMBOLS_PRIVATE_EXTERN = NO;
				GCC_WARN_ABOUT_RETURN_TYPE = YES;
				GCC_WARN_UNINITIALIZED_AUTOS = YES;
				GCC_WARN_UNUSED_VARIABLE = YES;
				IPHONEOS_DEPLOYMENT_TARGET = 6.1;
				ONLY_ACTIVE_ARCH = YES;
				SDKROOT = iphoneos;
			};
			name = Debug;
		};
		AC85AC57185970F5007D4532 /* Release */ = {
			isa = XCBuildConfiguration;
			buildSettings = {
				ALWAYS_SEARCH_USER_PATHS = NO;
				CLANG_CXX_LANGUAGE_STANDARD = "gnu++0x";
				CLANG_CXX_LIBRARY = "libc++";
				CLANG_ENABLE_OBJC_ARC = YES;
				CLANG_WARN_CONSTANT_CONVERSION = YES;
				CLANG_WARN_EMPTY_BODY = YES;
				CLANG_WARN_ENUM_CONVERSION = YES;
				CLANG_WARN_INT_CONVERSION = YES;
				CLANG_WARN__DUPLICATE_METHOD_MATCH = YES;
				"CODE_SIGN_IDENTITY[sdk=iphoneos*]" = "iPhone Developer";
				COPY_PHASE_STRIP = YES;
				GCC_C_LANGUAGE_STANDARD = gnu99;
				GCC_WARN_ABOUT_RETURN_TYPE = YES;
				GCC_WARN_UNINITIALIZED_AUTOS = YES;
				GCC_WARN_UNUSED_VARIABLE = YES;
				IPHONEOS_DEPLOYMENT_TARGET = 6.1;
				OTHER_CFLAGS = "-DNS_BLOCK_ASSERTIONS=1";
				SDKROOT = iphoneos;
				VALIDATE_PRODUCT = YES;
			};
			name = Release;
		};
		AC85AC59185970F5007D4532 /* Debug */ = {
			isa = XCBuildConfiguration;
			buildSettings = {
				GCC_PRECOMPILE_PREFIX_HEADER = YES;
				GCC_PREFIX_HEADER = "instruments/instruments-Prefix.pch";
				INFOPLIST_FILE = "instruments/instruments-Info.plist";
				PRODUCT_NAME = "$(TARGET_NAME)";
				WRAPPER_EXTENSION = app;
			};
			name = Debug;
		};
		AC85AC5A185970F5007D4532 /* Release */ = {
			isa = XCBuildConfiguration;
			buildSettings = {
				GCC_PRECOMPILE_PREFIX_HEADER = YES;
				GCC_PREFIX_HEADER = "instruments/instruments-Prefix.pch";
				INFOPLIST_FILE = "instruments/instruments-Info.plist";
				PRODUCT_NAME = "$(TARGET_NAME)";
				WRAPPER_EXTENSION = app;
			};
			name = Release;
		};
		AC85AC5C185970F5007D4532 /* Debug */ = {
			isa = XCBuildConfiguration;
			buildSettings = {
				BUNDLE_LOADER = "$(BUILT_PRODUCTS_DIR)/instruments.app/instruments";
				FRAMEWORK_SEARCH_PATHS = (
					"\"$(SDKROOT)/Developer/Library/Frameworks\"",
					"\"$(DEVELOPER_LIBRARY_DIR)/Frameworks\"",
				);
				GCC_PRECOMPILE_PREFIX_HEADER = YES;
				GCC_PREFIX_HEADER = "instruments/instruments-Prefix.pch";
				INFOPLIST_FILE = "instrumentsTests/instrumentsTests-Info.plist";
				PRODUCT_NAME = "$(TARGET_NAME)";
				TEST_HOST = "$(BUNDLE_LOADER)";
				WRAPPER_EXTENSION = octest;
			};
			name = Debug;
		};
		AC85AC5D185970F5007D4532 /* Release */ = {
			isa = XCBuildConfiguration;
			buildSettings = {
				BUNDLE_LOADER = "$(BUILT_PRODUCTS_DIR)/instruments.app/instruments";
				FRAMEWORK_SEARCH_PATHS = (
					"\"$(SDKROOT)/Developer/Library/Frameworks\"",
					"\"$(DEVELOPER_LIBRARY_DIR)/Frameworks\"",
				);
				GCC_PRECOMPILE_PREFIX_HEADER = YES;
				GCC_PREFIX_HEADER = "instruments/instruments-Prefix.pch";
				INFOPLIST_FILE = "instrumentsTests/instrumentsTests-Info.plist";
				PRODUCT_NAME = "$(TARGET_NAME)";
				TEST_HOST = "$(BUNDLE_LOADER)";
				WRAPPER_EXTENSION = octest;
			};
			name = Release;
		};
/* End XCBuildConfiguration section */

/* Begin XCConfigurationList section */
		AC85AC1B185970F4007D4532 /* Build configuration list for PBXProject "instruments" */ = {
			isa = XCConfigurationList;
			buildConfigurations = (
				AC85AC56185970F5007D4532 /* Debug */,
				AC85AC57185970F5007D4532 /* Release */,
			);
			defaultConfigurationIsVisible = 0;
			defaultConfigurationName = Release;
		};
		AC85AC58185970F5007D4532 /* Build configuration list for PBXNativeTarget "instruments" */ = {
			isa = XCConfigurationList;
			buildConfigurations = (
				AC85AC59185970F5007D4532 /* Debug */,
				AC85AC5A185970F5007D4532 /* Release */,
			);
			defaultConfigurationIsVisible = 0;
			defaultConfigurationName = Release;
		};
		AC85AC5B185970F5007D4532 /* Build configuration list for PBXNativeTarget "instrumentsTests" */ = {
			isa = XCConfigurationList;
			buildConfigurations = (
				AC85AC5C185970F5007D4532 /* Debug */,
				AC85AC5D185970F5007D4532 /* Release */,
			);
			defaultConfigurationIsVisible = 0;
			defaultConfigurationName = Release;
		};
/* End XCConfigurationList section */
	};
	rootObject = AC85AC18185970F4007D4532 /* Project object */;
}
